// !$*UTF8*$!
{
	archiveVersion = 1;
	classes = {
	};
	objectVersion = 56;
	objects = {

/* Begin PBXBuildFile section */
		4CA4EEB42B89824100CB81FF /* SurgiLogApp.swift in Sources */ = {isa = PBXBuildFile; fileRef = 4CA4EEB32B89824100CB81FF /* SurgiLogApp.swift */; };
		4CA4EEB62B89824100CB81FF /* ContentView.swift in Sources */ = {isa = PBXBuildFile; fileRef = 4CA4EEB52B89824100CB81FF /* ContentView.swift */; };
		4CA4EEB82B89824100CB81FF /* Item.swift in Sources */ = {isa = PBXBuildFile; fileRef = 4CA4EEB72B89824100CB81FF /* Item.swift */; };
		4CA4EEBA2B89824200CB81FF /* Assets.xcassets in Resources */ = {isa = PBXBuildFile; fileRef = 4CA4EEB92B89824200CB81FF /* Assets.xcassets */; };
		4CA4EEBD2B89824200CB81FF /* Preview Assets.xcassets in Resources */ = {isa = PBXBuildFile; fileRef = 4CA4EEBC2B89824200CB81FF /* Preview Assets.xcassets */; };
		4CA4EECA2B8982D900CB81FF /* MainScreen.swift in Sources */ = {isa = PBXBuildFile; fileRef = 4CA4EEC92B8982D900CB81FF /* MainScreen.swift */; };
		4CA4EECD2B8983F600CB81FF /* HospitalEditView.swift in Sources */ = {isa = PBXBuildFile; fileRef = 4CA4EECC2B8983F600CB81FF /* HospitalEditView.swift */; };
		4CA4EECF2B89888500CB81FF /* HospitalListView.swift in Sources */ = {isa = PBXBuildFile; fileRef = 4CA4EECE2B89888500CB81FF /* HospitalListView.swift */; };
		4CA4EED22B898A7A00CB81FF /* SettingsScreen.swift in Sources */ = {isa = PBXBuildFile; fileRef = 4CA4EED12B898A7A00CB81FF /* SettingsScreen.swift */; };
		4CA4EED52B898D4200CB81FF /* PatientEditView.swift in Sources */ = {isa = PBXBuildFile; fileRef = 4CA4EED42B898D4200CB81FF /* PatientEditView.swift */; };
		4CA4EED72B899EAC00CB81FF /* PhotoEditView.swift in Sources */ = {isa = PBXBuildFile; fileRef = 4CA4EED62B899EAC00CB81FF /* PhotoEditView.swift */; };
		4CA4EEDA2B899ED100CB81FF /* PhotoGroupListView.swift in Sources */ = {isa = PBXBuildFile; fileRef = 4CA4EED92B899ED100CB81FF /* PhotoGroupListView.swift */; };
		4CA4EEDC2B899ED800CB81FF /* PhotoGroupEditView.swift in Sources */ = {isa = PBXBuildFile; fileRef = 4CA4EEDB2B899ED800CB81FF /* PhotoGroupEditView.swift */; };
		4CA4EEE02B89A03400CB81FF /* Nameable.swift in Sources */ = {isa = PBXBuildFile; fileRef = 4CA4EEDE2B89A03400CB81FF /* Nameable.swift */; };
		4CA4EEE12B89A03400CB81FF /* PhotoPickerView.swift in Sources */ = {isa = PBXBuildFile; fileRef = 4CA4EEDF2B89A03400CB81FF /* PhotoPickerView.swift */; };
		4CA4EEE32B8A202700CB81FF /* PatientListView.swift in Sources */ = {isa = PBXBuildFile; fileRef = 4CA4EEE22B8A202700CB81FF /* PatientListView.swift */; };
		4CA4EEE62B8A2B3700CB81FF /* ProfilePhotoView.swift in Sources */ = {isa = PBXBuildFile; fileRef = 4CA4EEE52B8A2B3700CB81FF /* ProfilePhotoView.swift */; };
/* End PBXBuildFile section */

/* Begin PBXFileReference section */
		4CA4EEB02B89824100CB81FF /* SurgiLog.app */ = {isa = PBXFileReference; explicitFileType = wrapper.application; includeInIndex = 0; path = SurgiLog.app; sourceTree = BUILT_PRODUCTS_DIR; };
		4CA4EEB32B89824100CB81FF /* SurgiLogApp.swift */ = {isa = PBXFileReference; lastKnownFileType = sourcecode.swift; path = SurgiLogApp.swift; sourceTree = "<group>"; };
		4CA4EEB52B89824100CB81FF /* ContentView.swift */ = {isa = PBXFileReference; lastKnownFileType = sourcecode.swift; path = ContentView.swift; sourceTree = "<group>"; };
		4CA4EEB72B89824100CB81FF /* Item.swift */ = {isa = PBXFileReference; lastKnownFileType = sourcecode.swift; path = Item.swift; sourceTree = "<group>"; };
		4CA4EEB92B89824200CB81FF /* Assets.xcassets */ = {isa = PBXFileReference; lastKnownFileType = folder.assetcatalog; path = Assets.xcassets; sourceTree = "<group>"; };
		4CA4EEBC2B89824200CB81FF /* Preview Assets.xcassets */ = {isa = PBXFileReference; lastKnownFileType = folder.assetcatalog; path = "Preview Assets.xcassets"; sourceTree = "<group>"; };
		4CA4EEBE2B89824200CB81FF /* SurgiLog.entitlements */ = {isa = PBXFileReference; lastKnownFileType = text.plist.entitlements; path = SurgiLog.entitlements; sourceTree = "<group>"; };
		4CA4EEBF2B89824200CB81FF /* Info.plist */ = {isa = PBXFileReference; lastKnownFileType = text.plist.xml; path = Info.plist; sourceTree = "<group>"; };
		4CA4EEC92B8982D900CB81FF /* MainScreen.swift */ = {isa = PBXFileReference; lastKnownFileType = sourcecode.swift; path = MainScreen.swift; sourceTree = "<group>"; };
		4CA4EECC2B8983F600CB81FF /* HospitalEditView.swift */ = {isa = PBXFileReference; lastKnownFileType = sourcecode.swift; path = HospitalEditView.swift; sourceTree = "<group>"; };
		4CA4EECE2B89888500CB81FF /* HospitalListView.swift */ = {isa = PBXFileReference; lastKnownFileType = sourcecode.swift; path = HospitalListView.swift; sourceTree = "<group>"; };
		4CA4EED12B898A7A00CB81FF /* SettingsScreen.swift */ = {isa = PBXFileReference; lastKnownFileType = sourcecode.swift; path = SettingsScreen.swift; sourceTree = "<group>"; };
		4CA4EED42B898D4200CB81FF /* PatientEditView.swift */ = {isa = PBXFileReference; lastKnownFileType = sourcecode.swift; path = PatientEditView.swift; sourceTree = "<group>"; };
		4CA4EED62B899EAC00CB81FF /* PhotoEditView.swift */ = {isa = PBXFileReference; fileEncoding = 4; lastKnownFileType = sourcecode.swift; path = PhotoEditView.swift; sourceTree = "<group>"; };
		4CA4EED92B899ED100CB81FF /* PhotoGroupListView.swift */ = {isa = PBXFileReference; fileEncoding = 4; lastKnownFileType = sourcecode.swift; path = PhotoGroupListView.swift; sourceTree = "<group>"; };
		4CA4EEDB2B899ED800CB81FF /* PhotoGroupEditView.swift */ = {isa = PBXFileReference; fileEncoding = 4; lastKnownFileType = sourcecode.swift; path = PhotoGroupEditView.swift; sourceTree = "<group>"; };
		4CA4EEDE2B89A03400CB81FF /* Nameable.swift */ = {isa = PBXFileReference; fileEncoding = 4; lastKnownFileType = sourcecode.swift; path = Nameable.swift; sourceTree = "<group>"; };
		4CA4EEDF2B89A03400CB81FF /* PhotoPickerView.swift */ = {isa = PBXFileReference; fileEncoding = 4; lastKnownFileType = sourcecode.swift; path = PhotoPickerView.swift; sourceTree = "<group>"; };
		4CA4EEE22B8A202700CB81FF /* PatientListView.swift */ = {isa = PBXFileReference; lastKnownFileType = sourcecode.swift; path = PatientListView.swift; sourceTree = "<group>"; };
		4CA4EEE52B8A2B3700CB81FF /* ProfilePhotoView.swift */ = {isa = PBXFileReference; lastKnownFileType = sourcecode.swift; path = ProfilePhotoView.swift; sourceTree = "<group>"; };
/* End PBXFileReference section */

/* Begin PBXFrameworksBuildPhase section */
		4CA4EEAD2B89824100CB81FF /* Frameworks */ = {
			isa = PBXFrameworksBuildPhase;
			buildActionMask = 2147483647;
			files = (
			);
			runOnlyForDeploymentPostprocessing = 0;
		};
/* End PBXFrameworksBuildPhase section */

/* Begin PBXGroup section */
		4CA4EEA72B89824100CB81FF = {
			isa = PBXGroup;
			children = (
				4CA4EEB22B89824100CB81FF /* SurgiLog */,
				4CA4EEB12B89824100CB81FF /* Products */,
			);
			sourceTree = "<group>";
		};
		4CA4EEB12B89824100CB81FF /* Products */ = {
			isa = PBXGroup;
			children = (
				4CA4EEB02B89824100CB81FF /* SurgiLog.app */,
			);
			name = Products;
			sourceTree = "<group>";
		};
		4CA4EEB22B89824100CB81FF /* SurgiLog */ = {
			isa = PBXGroup;
			children = (
				4CA4EEDD2B89A02800CB81FF /* Utils */,
				4CA4EEC52B8982B000CB81FF /* Core */,
				4CA4EEB32B89824100CB81FF /* SurgiLogApp.swift */,
				4CA4EEB52B89824100CB81FF /* ContentView.swift */,
				4CA4EEB72B89824100CB81FF /* Item.swift */,
				4CA4EEB92B89824200CB81FF /* Assets.xcassets */,
				4CA4EEBE2B89824200CB81FF /* SurgiLog.entitlements */,
				4CA4EEBF2B89824200CB81FF /* Info.plist */,
				4CA4EEBB2B89824200CB81FF /* Preview Content */,
			);
			path = SurgiLog;
			sourceTree = "<group>";
		};
		4CA4EEBB2B89824200CB81FF /* Preview Content */ = {
			isa = PBXGroup;
			children = (
				4CA4EEBC2B89824200CB81FF /* Preview Assets.xcassets */,
			);
			path = "Preview Content";
			sourceTree = "<group>";
		};
		4CA4EEC52B8982B000CB81FF /* Core */ = {
			isa = PBXGroup;
			children = (
				4CA4EEC72B8982BA00CB81FF /* Views */,
				4CA4EEC62B8982B400CB81FF /* Screens */,
			);
			path = Core;
			sourceTree = "<group>";
		};
		4CA4EEC62B8982B400CB81FF /* Screens */ = {
			isa = PBXGroup;
			children = (
				4CA4EEC92B8982D900CB81FF /* MainScreen.swift */,
				4CA4EED12B898A7A00CB81FF /* SettingsScreen.swift */,
			);
			path = Screens;
			sourceTree = "<group>";
		};
		4CA4EEC72B8982BA00CB81FF /* Views */ = {
			isa = PBXGroup;
			children = (
				4CA4EEE42B8A2B2800CB81FF /* Components */,
				4CA4EED82B899EB800CB81FF /* Photo */,
				4CA4EED32B898D3200CB81FF /* Patient */,
				4CA4EECB2B8983CA00CB81FF /* Hospital */,
			);
			path = Views;
			sourceTree = "<group>";
		};
		4CA4EECB2B8983CA00CB81FF /* Hospital */ = {
			isa = PBXGroup;
			children = (
				4CA4EECC2B8983F600CB81FF /* HospitalEditView.swift */,
				4CA4EECE2B89888500CB81FF /* HospitalListView.swift */,
			);
			path = Hospital;
			sourceTree = "<group>";
		};
		4CA4EED32B898D3200CB81FF /* Patient */ = {
			isa = PBXGroup;
			children = (
				4CA4EED42B898D4200CB81FF /* PatientEditView.swift */,
				4CA4EEE22B8A202700CB81FF /* PatientListView.swift */,
			);
			path = Patient;
			sourceTree = "<group>";
		};
		4CA4EED82B899EB800CB81FF /* Photo */ = {
			isa = PBXGroup;
			children = (
				4CA4EED62B899EAC00CB81FF /* PhotoEditView.swift */,
				4CA4EED92B899ED100CB81FF /* PhotoGroupListView.swift */,
				4CA4EEDB2B899ED800CB81FF /* PhotoGroupEditView.swift */,
			);
			path = Photo;
			sourceTree = "<group>";
		};
		4CA4EEDD2B89A02800CB81FF /* Utils */ = {
			isa = PBXGroup;
			children = (
				4CA4EEDE2B89A03400CB81FF /* Nameable.swift */,
				4CA4EEDF2B89A03400CB81FF /* PhotoPickerView.swift */,
			);
			path = Utils;
			sourceTree = "<group>";
		};
		4CA4EEE42B8A2B2800CB81FF /* Components */ = {
			isa = PBXGroup;
			children = (
				4CA4EEE52B8A2B3700CB81FF /* ProfilePhotoView.swift */,
			);
			path = Components;
			sourceTree = "<group>";
		};
/* End PBXGroup section */

/* Begin PBXNativeTarget section */
		4CA4EEAF2B89824100CB81FF /* SurgiLog */ = {
			isa = PBXNativeTarget;
			buildConfigurationList = 4CA4EEC22B89824200CB81FF /* Build configuration list for PBXNativeTarget "SurgiLog" */;
			buildPhases = (
				4CA4EEAC2B89824100CB81FF /* Sources */,
				4CA4EEAD2B89824100CB81FF /* Frameworks */,
				4CA4EEAE2B89824100CB81FF /* Resources */,
			);
			buildRules = (
			);
			dependencies = (
			);
			name = SurgiLog;
			productName = SurgiLog;
			productReference = 4CA4EEB02B89824100CB81FF /* SurgiLog.app */;
			productType = "com.apple.product-type.application";
		};
/* End PBXNativeTarget section */

/* Begin PBXProject section */
		4CA4EEA82B89824100CB81FF /* Project object */ = {
			isa = PBXProject;
			attributes = {
				BuildIndependentTargetsInParallel = 1;
				LastSwiftUpdateCheck = 1520;
				LastUpgradeCheck = 1520;
				TargetAttributes = {
					4CA4EEAF2B89824100CB81FF = {
						CreatedOnToolsVersion = 15.2;
					};
				};
			};
			buildConfigurationList = 4CA4EEAB2B89824100CB81FF /* Build configuration list for PBXProject "SurgiLog" */;
			compatibilityVersion = "Xcode 14.0";
			developmentRegion = en;
			hasScannedForEncodings = 0;
			knownRegions = (
				en,
				Base,
			);
			mainGroup = 4CA4EEA72B89824100CB81FF;
			productRefGroup = 4CA4EEB12B89824100CB81FF /* Products */;
			projectDirPath = "";
			projectRoot = "";
			targets = (
				4CA4EEAF2B89824100CB81FF /* SurgiLog */,
			);
		};
/* End PBXProject section */

/* Begin PBXResourcesBuildPhase section */
		4CA4EEAE2B89824100CB81FF /* Resources */ = {
			isa = PBXResourcesBuildPhase;
			buildActionMask = 2147483647;
			files = (
				4CA4EEBD2B89824200CB81FF /* Preview Assets.xcassets in Resources */,
				4CA4EEBA2B89824200CB81FF /* Assets.xcassets in Resources */,
			);
			runOnlyForDeploymentPostprocessing = 0;
		};
/* End PBXResourcesBuildPhase section */

/* Begin PBXSourcesBuildPhase section */
		4CA4EEAC2B89824100CB81FF /* Sources */ = {
			isa = PBXSourcesBuildPhase;
			buildActionMask = 2147483647;
			files = (
				4CA4EEB62B89824100CB81FF /* ContentView.swift in Sources */,
				4CA4EEDC2B899ED800CB81FF /* PhotoGroupEditView.swift in Sources */,
				4CA4EEE32B8A202700CB81FF /* PatientListView.swift in Sources */,
				4CA4EEE62B8A2B3700CB81FF /* ProfilePhotoView.swift in Sources */,
				4CA4EECA2B8982D900CB81FF /* MainScreen.swift in Sources */,
				4CA4EECF2B89888500CB81FF /* HospitalListView.swift in Sources */,
				4CA4EEE02B89A03400CB81FF /* Nameable.swift in Sources */,
				4CA4EECD2B8983F600CB81FF /* HospitalEditView.swift in Sources */,
				4CA4EEB82B89824100CB81FF /* Item.swift in Sources */,
				4CA4EEDA2B899ED100CB81FF /* PhotoGroupListView.swift in Sources */,
				4CA4EEB42B89824100CB81FF /* SurgiLogApp.swift in Sources */,
				4CA4EED72B899EAC00CB81FF /* PhotoEditView.swift in Sources */,
				4CA4EED52B898D4200CB81FF /* PatientEditView.swift in Sources */,
				4CA4EEE12B89A03400CB81FF /* PhotoPickerView.swift in Sources */,
				4CA4EED22B898A7A00CB81FF /* SettingsScreen.swift in Sources */,
			);
			runOnlyForDeploymentPostprocessing = 0;
		};
/* End PBXSourcesBuildPhase section */

/* Begin XCBuildConfiguration section */
		4CA4EEC02B89824200CB81FF /* Debug */ = {
			isa = XCBuildConfiguration;
			buildSettings = {
				ALWAYS_SEARCH_USER_PATHS = NO;
				ASSETCATALOG_COMPILER_GENERATE_SWIFT_ASSET_SYMBOL_EXTENSIONS = YES;
				CLANG_ANALYZER_NONNULL = YES;
				CLANG_ANALYZER_NUMBER_OBJECT_CONVERSION = YES_AGGRESSIVE;
				CLANG_CXX_LANGUAGE_STANDARD = "gnu++20";
				CLANG_ENABLE_MODULES = YES;
				CLANG_ENABLE_OBJC_ARC = YES;
				CLANG_ENABLE_OBJC_WEAK = YES;
				CLANG_WARN_BLOCK_CAPTURE_AUTORELEASING = YES;
				CLANG_WARN_BOOL_CONVERSION = YES;
				CLANG_WARN_COMMA = YES;
				CLANG_WARN_CONSTANT_CONVERSION = YES;
				CLANG_WARN_DEPRECATED_OBJC_IMPLEMENTATIONS = YES;
				CLANG_WARN_DIRECT_OBJC_ISA_USAGE = YES_ERROR;
				CLANG_WARN_DOCUMENTATION_COMMENTS = YES;
				CLANG_WARN_EMPTY_BODY = YES;
				CLANG_WARN_ENUM_CONVERSION = YES;
				CLANG_WARN_INFINITE_RECURSION = YES;
				CLANG_WARN_INT_CONVERSION = YES;
				CLANG_WARN_NON_LITERAL_NULL_CONVERSION = YES;
				CLANG_WARN_OBJC_IMPLICIT_RETAIN_SELF = YES;
				CLANG_WARN_OBJC_LITERAL_CONVERSION = YES;
				CLANG_WARN_OBJC_ROOT_CLASS = YES_ERROR;
				CLANG_WARN_QUOTED_INCLUDE_IN_FRAMEWORK_HEADER = YES;
				CLANG_WARN_RANGE_LOOP_ANALYSIS = YES;
				CLANG_WARN_STRICT_PROTOTYPES = YES;
				CLANG_WARN_SUSPICIOUS_MOVE = YES;
				CLANG_WARN_UNGUARDED_AVAILABILITY = YES_AGGRESSIVE;
				CLANG_WARN_UNREACHABLE_CODE = YES;
				CLANG_WARN__DUPLICATE_METHOD_MATCH = YES;
				COPY_PHASE_STRIP = NO;
				DEBUG_INFORMATION_FORMAT = dwarf;
				ENABLE_STRICT_OBJC_MSGSEND = YES;
				ENABLE_TESTABILITY = YES;
				ENABLE_USER_SCRIPT_SANDBOXING = YES;
				GCC_C_LANGUAGE_STANDARD = gnu17;
				GCC_DYNAMIC_NO_PIC = NO;
				GCC_NO_COMMON_BLOCKS = YES;
				GCC_OPTIMIZATION_LEVEL = 0;
				GCC_PREPROCESSOR_DEFINITIONS = (
					"DEBUG=1",
					"$(inherited)",
				);
				GCC_WARN_64_TO_32_BIT_CONVERSION = YES;
				GCC_WARN_ABOUT_RETURN_TYPE = YES_ERROR;
				GCC_WARN_UNDECLARED_SELECTOR = YES;
				GCC_WARN_UNINITIALIZED_AUTOS = YES_AGGRESSIVE;
				GCC_WARN_UNUSED_FUNCTION = YES;
				GCC_WARN_UNUSED_VARIABLE = YES;
				IPHONEOS_DEPLOYMENT_TARGET = 17.2;
				LOCALIZATION_PREFERS_STRING_CATALOGS = YES;
				MTL_ENABLE_DEBUG_INFO = INCLUDE_SOURCE;
				MTL_FAST_MATH = YES;
				ONLY_ACTIVE_ARCH = YES;
				SDKROOT = iphoneos;
				SWIFT_ACTIVE_COMPILATION_CONDITIONS = "DEBUG $(inherited)";
				SWIFT_OPTIMIZATION_LEVEL = "-Onone";
			};
			name = Debug;
		};
		4CA4EEC12B89824200CB81FF /* Release */ = {
			isa = XCBuildConfiguration;
			buildSettings = {
				ALWAYS_SEARCH_USER_PATHS = NO;
				ASSETCATALOG_COMPILER_GENERATE_SWIFT_ASSET_SYMBOL_EXTENSIONS = YES;
				CLANG_ANALYZER_NONNULL = YES;
				CLANG_ANALYZER_NUMBER_OBJECT_CONVERSION = YES_AGGRESSIVE;
				CLANG_CXX_LANGUAGE_STANDARD = "gnu++20";
				CLANG_ENABLE_MODULES = YES;
				CLANG_ENABLE_OBJC_ARC = YES;
				CLANG_ENABLE_OBJC_WEAK = YES;
				CLANG_WARN_BLOCK_CAPTURE_AUTORELEASING = YES;
				CLANG_WARN_BOOL_CONVERSION = YES;
				CLANG_WARN_COMMA = YES;
				CLANG_WARN_CONSTANT_CONVERSION = YES;
				CLANG_WARN_DEPRECATED_OBJC_IMPLEMENTATIONS = YES;
				CLANG_WARN_DIRECT_OBJC_ISA_USAGE = YES_ERROR;
				CLANG_WARN_DOCUMENTATION_COMMENTS = YES;
				CLANG_WARN_EMPTY_BODY = YES;
				CLANG_WARN_ENUM_CONVERSION = YES;
				CLANG_WARN_INFINITE_RECURSION = YES;
				CLANG_WARN_INT_CONVERSION = YES;
				CLANG_WARN_NON_LITERAL_NULL_CONVERSION = YES;
				CLANG_WARN_OBJC_IMPLICIT_RETAIN_SELF = YES;
				CLANG_WARN_OBJC_LITERAL_CONVERSION = YES;
				CLANG_WARN_OBJC_ROOT_CLASS = YES_ERROR;
				CLANG_WARN_QUOTED_INCLUDE_IN_FRAMEWORK_HEADER = YES;
				CLANG_WARN_RANGE_LOOP_ANALYSIS = YES;
				CLANG_WARN_STRICT_PROTOTYPES = YES;
				CLANG_WARN_SUSPICIOUS_MOVE = YES;
				CLANG_WARN_UNGUARDED_AVAILABILITY = YES_AGGRESSIVE;
				CLANG_WARN_UNREACHABLE_CODE = YES;
				CLANG_WARN__DUPLICATE_METHOD_MATCH = YES;
				COPY_PHASE_STRIP = NO;
				DEBUG_INFORMATION_FORMAT = "dwarf-with-dsym";
				ENABLE_NS_ASSERTIONS = NO;
				ENABLE_STRICT_OBJC_MSGSEND = YES;
				ENABLE_USER_SCRIPT_SANDBOXING = YES;
				GCC_C_LANGUAGE_STANDARD = gnu17;
				GCC_NO_COMMON_BLOCKS = YES;
				GCC_WARN_64_TO_32_BIT_CONVERSION = YES;
				GCC_WARN_ABOUT_RETURN_TYPE = YES_ERROR;
				GCC_WARN_UNDECLARED_SELECTOR = YES;
				GCC_WARN_UNINITIALIZED_AUTOS = YES_AGGRESSIVE;
				GCC_WARN_UNUSED_FUNCTION = YES;
				GCC_WARN_UNUSED_VARIABLE = YES;
				IPHONEOS_DEPLOYMENT_TARGET = 17.2;
				LOCALIZATION_PREFERS_STRING_CATALOGS = YES;
				MTL_ENABLE_DEBUG_INFO = NO;
				MTL_FAST_MATH = YES;
				SDKROOT = iphoneos;
				SWIFT_COMPILATION_MODE = wholemodule;
				VALIDATE_PRODUCT = YES;
			};
			name = Release;
		};
		4CA4EEC32B89824200CB81FF /* Debug */ = {
			isa = XCBuildConfiguration;
			buildSettings = {
				ASSETCATALOG_COMPILER_APPICON_NAME = AppIcon;
				ASSETCATALOG_COMPILER_GLOBAL_ACCENT_COLOR_NAME = AccentColor;
				CODE_SIGN_ENTITLEMENTS = SurgiLog/SurgiLog.entitlements;
				CODE_SIGN_STYLE = Automatic;
				CURRENT_PROJECT_VERSION = 1;
				DEVELOPMENT_ASSET_PATHS = "\"SurgiLog/Preview Content\"";
				DEVELOPMENT_TEAM = 2DX23QMGW4;
				ENABLE_PREVIEWS = YES;
				GENERATE_INFOPLIST_FILE = YES;
				INFOPLIST_FILE = SurgiLog/Info.plist;
				INFOPLIST_KEY_UIApplicationSceneManifest_Generation = YES;
				INFOPLIST_KEY_UIApplicationSupportsIndirectInputEvents = YES;
				INFOPLIST_KEY_UILaunchScreen_Generation = YES;
				INFOPLIST_KEY_UISupportedInterfaceOrientations_iPad = "UIInterfaceOrientationPortrait UIInterfaceOrientationPortraitUpsideDown UIInterfaceOrientationLandscapeLeft UIInterfaceOrientationLandscapeRight";
				INFOPLIST_KEY_UISupportedInterfaceOrientations_iPhone = "UIInterfaceOrientationPortrait UIInterfaceOrientationLandscapeLeft UIInterfaceOrientationLandscapeRight";
				LD_RUNPATH_SEARCH_PATHS = (
					"$(inherited)",
					"@executable_path/Frameworks",
				);
				MARKETING_VERSION = 1.0;
				PRODUCT_BUNDLE_IDENTIFIER = com.intuitiveMedLLC.SurgiLog;
				PRODUCT_NAME = "$(TARGET_NAME)";
				SWIFT_EMIT_LOC_STRINGS = YES;
				SWIFT_VERSION = 5.0;
				TARGETED_DEVICE_FAMILY = "1,2";
			};
			name = Debug;
		};
		4CA4EEC42B89824200CB81FF /* Release */ = {
			isa = XCBuildConfiguration;
			buildSettings = {
				ASSETCATALOG_COMPILER_APPICON_NAME = AppIcon;
				ASSETCATALOG_COMPILER_GLOBAL_ACCENT_COLOR_NAME = AccentColor;
				CODE_SIGN_ENTITLEMENTS = SurgiLog/SurgiLog.entitlements;
				CODE_SIGN_STYLE = Automatic;
				CURRENT_PROJECT_VERSION = 1;
				DEVELOPMENT_ASSET_PATHS = "\"SurgiLog/Preview Content\"";
				DEVELOPMENT_TEAM = 2DX23QMGW4;
				ENABLE_PREVIEWS = YES;
				GENERATE_INFOPLIST_FILE = YES;
				INFOPLIST_FILE = SurgiLog/Info.plist;
				INFOPLIST_KEY_UIApplicationSceneManifest_Generation = YES;
				INFOPLIST_KEY_UIApplicationSupportsIndirectInputEvents = YES;
				INFOPLIST_KEY_UILaunchScreen_Generation = YES;
				INFOPLIST_KEY_UISupportedInterfaceOrientations_iPad = "UIInterfaceOrientationPortrait UIInterfaceOrientationPortraitUpsideDown UIInterfaceOrientationLandscapeLeft UIInterfaceOrientationLandscapeRight";
				INFOPLIST_KEY_UISupportedInterfaceOrientations_iPhone = "UIInterfaceOrientationPortrait UIInterfaceOrientationLandscapeLeft UIInterfaceOrientationLandscapeRight";
				LD_RUNPATH_SEARCH_PATHS = (
					"$(inherited)",
					"@executable_path/Frameworks",
				);
				MARKETING_VERSION = 1.0;
				PRODUCT_BUNDLE_IDENTIFIER = com.intuitiveMedLLC.SurgiLog;
				PRODUCT_NAME = "$(TARGET_NAME)";
				SWIFT_EMIT_LOC_STRINGS = YES;
				SWIFT_VERSION = 5.0;
				TARGETED_DEVICE_FAMILY = "1,2";
			};
			name = Release;
		};
/* End XCBuildConfiguration section */

/* Begin XCConfigurationList section */
		4CA4EEAB2B89824100CB81FF /* Build configuration list for PBXProject "SurgiLog" */ = {
			isa = XCConfigurationList;
			buildConfigurations = (
				4CA4EEC02B89824200CB81FF /* Debug */,
				4CA4EEC12B89824200CB81FF /* Release */,
			);
			defaultConfigurationIsVisible = 0;
			defaultConfigurationName = Release;
		};
		4CA4EEC22B89824200CB81FF /* Build configuration list for PBXNativeTarget "SurgiLog" */ = {
			isa = XCConfigurationList;
			buildConfigurations = (
				4CA4EEC32B89824200CB81FF /* Debug */,
				4CA4EEC42B89824200CB81FF /* Release */,
			);
			defaultConfigurationIsVisible = 0;
			defaultConfigurationName = Release;
		};
/* End XCConfigurationList section */
	};
	rootObject = 4CA4EEA82B89824100CB81FF /* Project object */;
}
